// !$*UTF8*$!
{
	archiveVersion = 1;
	classes = {
	};
	objectVersion = 46;
	objects = {

/* Begin PBXBuildFile section */
		C93890641BF4F41C00BA8B04 /* AppDelegate.swift in Sources */ = {isa = PBXBuildFile; fileRef = C93890631BF4F41C00BA8B04 /* AppDelegate.swift */; };
		C93890661BF4F41C00BA8B04 /* ViewController.swift in Sources */ = {isa = PBXBuildFile; fileRef = C93890651BF4F41C00BA8B04 /* ViewController.swift */; };
		C93890691BF4F41C00BA8B04 /* Main.storyboard in Resources */ = {isa = PBXBuildFile; fileRef = C93890671BF4F41C00BA8B04 /* Main.storyboard */; };
		C938906B1BF4F41C00BA8B04 /* Assets.xcassets in Resources */ = {isa = PBXBuildFile; fileRef = C938906A1BF4F41C00BA8B04 /* Assets.xcassets */; };
		C938906E1BF4F41C00BA8B04 /* LaunchScreen.storyboard in Resources */ = {isa = PBXBuildFile; fileRef = C938906C1BF4F41C00BA8B04 /* LaunchScreen.storyboard */; };
/* End PBXBuildFile section */

/* Begin PBXFileReference section */
		C93890601BF4F41C00BA8B04 /* bitter.app */ = {isa = PBXFileReference; explicitFileType = wrapper.application; includeInIndex = 0; path = bitter.app; sourceTree = BUILT_PRODUCTS_DIR; };
		C93890631BF4F41C00BA8B04 /* AppDelegate.swift */ = {isa = PBXFileReference; lastKnownFileType = sourcecode.swift; path = AppDelegate.swift; sourceTree = "<group>"; };
		C93890651BF4F41C00BA8B04 /* ViewController.swift */ = {isa = PBXFileReference; lastKnownFileType = sourcecode.swift; path = ViewController.swift; sourceTree = "<group>"; };
		C93890681BF4F41C00BA8B04 /* Base */ = {isa = PBXFileReference; lastKnownFileType = file.storyboard; name = Base; path = Base.lproj/Main.storyboard; sourceTree = "<group>"; };
		C938906A1BF4F41C00BA8B04 /* Assets.xcassets */ = {isa = PBXFileReference; lastKnownFileType = folder.assetcatalog; path = Assets.xcassets; sourceTree = "<group>"; };
		C938906D1BF4F41C00BA8B04 /* Base */ = {isa = PBXFileReference; lastKnownFileType = file.storyboard; name = Base; path = Base.lproj/LaunchScreen.storyboard; sourceTree = "<group>"; };
		C938906F1BF4F41C00BA8B04 /* Info.plist */ = {isa = PBXFileReference; lastKnownFileType = text.plist.xml; path = Info.plist; sourceTree = "<group>"; };
/* End PBXFileReference section */

/* Begin PBXFrameworksBuildPhase section */
		C938905D1BF4F41C00BA8B04 /* Frameworks */ = {
			isa = PBXFrameworksBuildPhase;
			buildActionMask = 2147483647;
			files = (
			);
			runOnlyForDeploymentPostprocessing = 0;
		};
/* End PBXFrameworksBuildPhase section */

/* Begin PBXGroup section */
		C93890571BF4F41C00BA8B04 = {
			isa = PBXGroup;
			children = (
				C93890621BF4F41C00BA8B04 /* bitter */,
				C93890611BF4F41C00BA8B04 /* Products */,
			);
			sourceTree = "<group>";
		};
		C93890611BF4F41C00BA8B04 /* Products */ = {
			isa = PBXGroup;
			children = (
				C93890601BF4F41C00BA8B04 /* bitter.app */,
			);
			name = Products;
			sourceTree = "<group>";
		};
		C93890621BF4F41C00BA8B04 /* bitter */ = {
			isa = PBXGroup;
			children = (
				C93890631BF4F41C00BA8B04 /* AppDelegate.swift */,
				C93890651BF4F41C00BA8B04 /* ViewController.swift */,
				C93890671BF4F41C00BA8B04 /* Main.storyboard */,
				C938906A1BF4F41C00BA8B04 /* Assets.xcassets */,
				C938906C1BF4F41C00BA8B04 /* LaunchScreen.storyboard */,
				C938906F1BF4F41C00BA8B04 /* Info.plist */,
			);
			path = bitter;
			sourceTree = "<group>";
		};
/* End PBXGroup section */

/* Begin PBXNativeTarget section */
		C938905F1BF4F41C00BA8B04 /* bitter */ = {
			isa = PBXNativeTarget;
			buildConfigurationList = C93890721BF4F41C00BA8B04 /* Build configuration list for PBXNativeTarget "bitter" */;
			buildPhases = (
				C938905C1BF4F41C00BA8B04 /* Sources */,
				C938905D1BF4F41C00BA8B04 /* Frameworks */,
				C938905E1BF4F41C00BA8B04 /* Resources */,
			);
			buildRules = (
			);
			dependencies = (
			);
			name = bitter;
			productName = bitter;
			productReference = C93890601BF4F41C00BA8B04 /* bitter.app */;
			productType = "com.apple.product-type.application";
		};
/* End PBXNativeTarget section */

/* Begin PBXProject section */
		C93890581BF4F41C00BA8B04 /* Project object */ = {
			isa = PBXProject;
			attributes = {
				LastSwiftUpdateCheck = 0710;
				LastUpgradeCheck = 0710;
				ORGANIZATIONNAME = mattc;
				TargetAttributes = {
					C938905F1BF4F41C00BA8B04 = {
						CreatedOnToolsVersion = 7.1.1;
					};
				};
			};
			buildConfigurationList = C938905B1BF4F41C00BA8B04 /* Build configuration list for PBXProject "bitter" */;
			compatibilityVersion = "Xcode 3.2";
			developmentRegion = English;
			hasScannedForEncodings = 0;
			knownRegions = (
				en,
				Base,
			);
			mainGroup = C93890571BF4F41C00BA8B04;
			productRefGroup = C93890611BF4F41C00BA8B04 /* Products */;
			projectDirPath = "";
			projectRoot = "";
			targets = (
				C938905F1BF4F41C00BA8B04 /* bitter */,
			);
		};
/* End PBXProject section */

/* Begin PBXResourcesBuildPhase section */
		C938905E1BF4F41C00BA8B04 /* Resources */ = {
			isa = PBXResourcesBuildPhase;
			buildActionMask = 2147483647;
			files = (
				C938906E1BF4F41C00BA8B04 /* LaunchScreen.storyboard in Resources */,
				C938906B1BF4F41C00BA8B04 /* Assets.xcassets in Resources */,
				C93890691BF4F41C00BA8B04 /* Main.storyboard in Resources */,
			);
			runOnlyForDeploymentPostprocessing = 0;
		};
/* End PBXResourcesBuildPhase section */

/* Begin PBXSourcesBuildPhase section */
		C938905C1BF4F41C00BA8B04 /* Sources */ = {
			isa = PBXSourcesBuildPhase;
			buildActionMask = 2147483647;
			files = (
				C93890661BF4F41C00BA8B04 /* ViewController.swift in Sources */,
				C93890641BF4F41C00BA8B04 /* AppDelegate.swift in Sources */,
			);
			runOnlyForDeploymentPostprocessing = 0;
		};
/* End PBXSourcesBuildPhase section */

/* Begin PBXVariantGroup section */
		C93890671BF4F41C00BA8B04 /* Main.storyboard */ = {
			isa = PBXVariantGroup;
			children = (
				C93890681BF4F41C00BA8B04 /* Base */,
			);
			name = Main.storyboard;
			sourceTree = "<group>";
		};
		C938906C1BF4F41C00BA8B04 /* LaunchScreen.storyboard */ = {
			isa = PBXVariantGroup;
			children = (
				C938906D1BF4F41C00BA8B04 /* Base */,
			);
			name = LaunchScreen.storyboard;
			sourceTree = "<group>";
		};
/* End PBXVariantGroup section */

/* Begin XCBuildConfiguration section */
		C93890701BF4F41C00BA8B04 /* Debug */ = {
			isa = XCBuildConfiguration;
			buildSettings = {
				ALWAYS_SEARCH_USER_PATHS = NO;
				CLANG_CXX_LANGUAGE_STANDARD = "gnu++0x";
				CLANG_CXX_LIBRARY = "libc++";
				CLANG_ENABLE_MODULES = YES;
				CLANG_ENABLE_OBJC_ARC = YES;
				CLANG_WARN_BOOL_CONVERSION = YES;
				CLANG_WARN_CONSTANT_CONVERSION = YES;
				CLANG_WARN_DIRECT_OBJC_ISA_USAGE = YES_ERROR;
				CLANG_WARN_EMPTY_BODY = YES;
				CLANG_WARN_ENUM_CONVERSION = YES;
				CLANG_WARN_INT_CONVERSION = YES;
				CLANG_WARN_OBJC_ROOT_CLASS = YES_ERROR;
				CLANG_WARN_UNREACHABLE_CODE = YES;
				CLANG_WARN__DUPLICATE_METHOD_MATCH = YES;
				"CODE_SIGN_IDENTITY[sdk=iphoneos*]" = "iPhone Developer";
				COPY_PHASE_STRIP = NO;
				DEBUG_INFORMATION_FORMAT = dwarf;
				ENABLE_STRICT_OBJC_MSGSEND = YES;
				ENABLE_TESTABILITY = YES;
				GCC_C_LANGUAGE_STANDARD = gnu99;
				GCC_DYNAMIC_NO_PIC = NO;
				GCC_NO_COMMON_BLOCKS = YES;
				GCC_OPTIMIZATION_LEVEL = 0;
				GCC_PREPROCESSOR_DEFINITIONS = (
					"DEBUG=1",
					"$(inherited)",
				);
				GCC_WARN_64_TO_32_BIT_CONVERSION = YES;
				GCC_WARN_ABOUT_RETURN_TYPE = YES_ERROR;
				GCC_WARN_UNDECLARED_SELECTOR = YES;
				GCC_WARN_UNINITIALIZED_AUTOS = YES_AGGRESSIVE;
				GCC_WARN_UNUSED_FUNCTION = YES;
				GCC_WARN_UNUSED_VARIABLE = YES;
				IPHONEOS_DEPLOYMENT_TARGET = 9.1;
				MTL_ENABLE_DEBUG_INFO = YES;
				ONLY_ACTIVE_ARCH = YES;
				SDKROOT = iphoneos;
				SWIFT_OPTIMIZATION_LEVEL = "-Onone";
				TARGETED_DEVICE_FAMILY = "1,2";
			};
			name = Debug;
		};
		C93890711BF4F41C00BA8B04 /* Release */ = {
			isa = XCBuildConfiguration;
			buildSettings = {
				ALWAYS_SEARCH_USER_PATHS = NO;
				CLANG_CXX_LANGUAGE_STANDARD = "gnu++0x";
				CLANG_CXX_LIBRARY = "libc++";
				CLANG_ENABLE_MODULES = YES;
				CLANG_ENABLE_OBJC_ARC = YES;
				CLANG_WARN_BOOL_CONVERSION = YES;
				CLANG_WARN_CONSTANT_CONVERSION = YES;
				CLANG_WARN_DIRECT_OBJC_ISA_USAGE = YES_ERROR;
				CLANG_WARN_EMPTY_BODY = YES;
				CLANG_WARN_ENUM_CONVERSION = YES;
				CLANG_WARN_INT_CONVERSION = YES;
				CLANG_WARN_OBJC_ROOT_CLASS = YES_ERROR;
				CLANG_WARN_UNREACHABLE_CODE = YES;
				CLANG_WARN__DUPLICATE_METHOD_MATCH = YES;
				"CODE_SIGN_IDENTITY[sdk=iphoneos*]" = "iPhone Developer";
				COPY_PHASE_STRIP = NO;
				DEBUG_INFORMATION_FORMAT = "dwarf-with-dsym";
				ENABLE_NS_ASSERTIONS = NO;
				ENABLE_STRICT_OBJC_MSGSEND = YES;
				GCC_C_LANGUAGE_STANDARD = gnu99;
				GCC_NO_COMMON_BLOCKS = YES;
				GCC_WARN_64_TO_32_BIT_CONVERSION = YES;
				GCC_WARN_ABOUT_RETURN_TYPE = YES_ERROR;
				GCC_WARN_UNDECLARED_SELECTOR = YES;
				GCC_WARN_UNINITIALIZED_AUTOS = YES_AGGRESSIVE;
				GCC_WARN_UNUSED_FUNCTION = YES;
				GCC_WARN_UNUSED_VARIABLE = YES;
				IPHONEOS_DEPLOYMENT_TARGET = 9.1;
				MTL_ENABLE_DEBUG_INFO = NO;
				SDKROOT = iphoneos;
				TARGETED_DEVICE_FAMILY = "1,2";
				VALIDATE_PRODUCT = YES;
			};
			name = Release;
		};
		C93890731BF4F41C00BA8B04 /* Debug */ = {
			isa = XCBuildConfiguration;
			buildSettings = {
				ASSETCATALOG_COMPILER_APPICON_NAME = AppIcon;
				INFOPLIST_FILE = bitter/Info.plist;
				LD_RUNPATH_SEARCH_PATHS = "$(inherited) @executable_path/Frameworks";
				PRODUCT_BUNDLE_IDENTIFIER = mat.tc.bitter;
				PRODUCT_NAME = "$(TARGET_NAME)";
			};
			name = Debug;
		};
		C93890741BF4F41C00BA8B04 /* Release */ = {
			isa = XCBuildConfiguration;
			buildSettings = {
				ASSETCATALOG_COMPILER_APPICON_NAME = AppIcon;
				INFOPLIST_FILE = bitter/Info.plist;
				LD_RUNPATH_SEARCH_PATHS = "$(inherited) @executable_path/Frameworks";
				PRODUCT_BUNDLE_IDENTIFIER = mat.tc.bitter;
				PRODUCT_NAME = "$(TARGET_NAME)";
			};
			name = Release;
		};
/* End XCBuildConfiguration section */

/* Begin XCConfigurationList section */
		C938905B1BF4F41C00BA8B04 /* Build configuration list for PBXProject "bitter" */ = {
			isa = XCConfigurationList;
			buildConfigurations = (
				C93890701BF4F41C00BA8B04 /* Debug */,
				C93890711BF4F41C00BA8B04 /* Release */,
			);
			defaultConfigurationIsVisible = 0;
			defaultConfigurationName = Release;
		};
		C93890721BF4F41C00BA8B04 /* Build configuration list for PBXNativeTarget "bitter" */ = {
			isa = XCConfigurationList;
			buildConfigurations = (
				C93890731BF4F41C00BA8B04 /* Debug */,
				C93890741BF4F41C00BA8B04 /* Release */,
			);
			defaultConfigurationIsVisible = 0;
		};
/* End XCConfigurationList section */
	};
	rootObject = C93890581BF4F41C00BA8B04 /* Project object */;
}
