// !$*UTF8*$!
{
	archiveVersion = 1;
	classes = {
	};
	objectVersion = 46;
	objects = {

/* Begin PBXBuildFile section */
		C93890641BF4F41C00BA8B04 /* AppDelegate.swift in Sources */ = {isa = PBXBuildFile; fileRef = C93890631BF4F41C00BA8B04 /* AppDelegate.swift */; };
		C938906B1BF4F41C00BA8B04 /* Assets.xcassets in Resources */ = {isa = PBXBuildFile; fileRef = C938906A1BF4F41C00BA8B04 /* Assets.xcassets */; };
		C938906E1BF4F41C00BA8B04 /* LaunchScreen.storyboard in Resources */ = {isa = PBXBuildFile; fileRef = C938906C1BF4F41C00BA8B04 /* LaunchScreen.storyboard */; };
		C9A40AED1BF5DF9700D3C62B /* TabBarScrollableViewController.framework in Frameworks */ = {isa = PBXBuildFile; fileRef = C9A40AEC1BF5DF9700D3C62B /* TabBarScrollableViewController.framework */; };
		C9A40AF21BF5E39900D3C62B /* SnapKit.framework in Frameworks */ = {isa = PBXBuildFile; fileRef = C9A40AF11BF5E39900D3C62B /* SnapKit.framework */; };
		C9A40AF91BF5E85200D3C62B /* ProfileViewController.swift in Sources */ = {isa = PBXBuildFile; fileRef = C9A40AF81BF5E85200D3C62B /* ProfileViewController.swift */; };
		C9A40AFB1BF5E87200D3C62B /* FeedViewController.swift in Sources */ = {isa = PBXBuildFile; fileRef = C9A40AFA1BF5E87200D3C62B /* FeedViewController.swift */; };
		C9A40AFD1BF5E87B00D3C62B /* MapViewController.swift in Sources */ = {isa = PBXBuildFile; fileRef = C9A40AFC1BF5E87B00D3C62B /* MapViewController.swift */; };
		C9A40B001BF5E8F100D3C62B /* Theme.swift in Sources */ = {isa = PBXBuildFile; fileRef = C9A40AFF1BF5E8F100D3C62B /* Theme.swift */; };
		C9A40B021BF5E93A00D3C62B /* UIColor+Chameleon.swift in Sources */ = {isa = PBXBuildFile; fileRef = C9A40B011BF5E93A00D3C62B /* UIColor+Chameleon.swift */; };
		C9A40B041BF5EDBB00D3C62B /* CoreTelephony.framework in Frameworks */ = {isa = PBXBuildFile; fileRef = C9A40B031BF5EDBB00D3C62B /* CoreTelephony.framework */; };
		C9A40B061BF5EDC600D3C62B /* GLKit.framework in Frameworks */ = {isa = PBXBuildFile; fileRef = C9A40B051BF5EDC600D3C62B /* GLKit.framework */; };
		C9A40B081BF5EDCA00D3C62B /* ImageIO.framework in Frameworks */ = {isa = PBXBuildFile; fileRef = C9A40B071BF5EDCA00D3C62B /* ImageIO.framework */; };
		C9A40B0A1BF5EDD000D3C62B /* MobileCoreServices.framework in Frameworks */ = {isa = PBXBuildFile; fileRef = C9A40B091BF5EDD000D3C62B /* MobileCoreServices.framework */; };
		C9A40B0C1BF5EDD600D3C62B /* QuartzCore.framework in Frameworks */ = {isa = PBXBuildFile; fileRef = C9A40B0B1BF5EDD600D3C62B /* QuartzCore.framework */; };
		C9A40B0E1BF5EDDA00D3C62B /* SystemConfiguration.framework in Frameworks */ = {isa = PBXBuildFile; fileRef = C9A40B0D1BF5EDDA00D3C62B /* SystemConfiguration.framework */; };
		C9A40B471BF5EEBD00D3C62B /* MGLAccountManager.html in Resources */ = {isa = PBXBuildFile; fileRef = C9A40B131BF5EEBD00D3C62B /* MGLAccountManager.html */; };
		C9A40B481BF5EEBD00D3C62B /* MGLAnnotationImage.html in Resources */ = {isa = PBXBuildFile; fileRef = C9A40B141BF5EEBD00D3C62B /* MGLAnnotationImage.html */; };
		C9A40B491BF5EEBD00D3C62B /* MGLMapCamera.html in Resources */ = {isa = PBXBuildFile; fileRef = C9A40B151BF5EEBD00D3C62B /* MGLMapCamera.html */; };
		C9A40B4A1BF5EEBD00D3C62B /* MGLMapView.html in Resources */ = {isa = PBXBuildFile; fileRef = C9A40B161BF5EEBD00D3C62B /* MGLMapView.html */; };
		C9A40B4B1BF5EEBD00D3C62B /* MGLMultiPoint.html in Resources */ = {isa = PBXBuildFile; fileRef = C9A40B171BF5EEBD00D3C62B /* MGLMultiPoint.html */; };
		C9A40B4C1BF5EEBD00D3C62B /* MGLPointAnnotation.html in Resources */ = {isa = PBXBuildFile; fileRef = C9A40B181BF5EEBD00D3C62B /* MGLPointAnnotation.html */; };
		C9A40B4D1BF5EEBD00D3C62B /* MGLPolygon.html in Resources */ = {isa = PBXBuildFile; fileRef = C9A40B191BF5EEBD00D3C62B /* MGLPolygon.html */; };
		C9A40B4E1BF5EEBD00D3C62B /* MGLPolyline.html in Resources */ = {isa = PBXBuildFile; fileRef = C9A40B1A1BF5EEBD00D3C62B /* MGLPolyline.html */; };
		C9A40B4F1BF5EEBD00D3C62B /* MGLShape.html in Resources */ = {isa = PBXBuildFile; fileRef = C9A40B1B1BF5EEBD00D3C62B /* MGLShape.html */; };
		C9A40B501BF5EEBD00D3C62B /* MGLStyle.html in Resources */ = {isa = PBXBuildFile; fileRef = C9A40B1C1BF5EEBD00D3C62B /* MGLStyle.html */; };
		C9A40B511BF5EEBD00D3C62B /* MGLUserLocation.html in Resources */ = {isa = PBXBuildFile; fileRef = C9A40B1D1BF5EEBD00D3C62B /* MGLUserLocation.html */; };
		C9A40B521BF5EEBD00D3C62B /* MGLUserTrackingMode.html in Resources */ = {isa = PBXBuildFile; fileRef = C9A40B1F1BF5EEBD00D3C62B /* MGLUserTrackingMode.html */; };
		C9A40B531BF5EEBD00D3C62B /* styles.css in Resources */ = {isa = PBXBuildFile; fileRef = C9A40B211BF5EEBD00D3C62B /* styles.css */; };
		C9A40B541BF5EEBD00D3C62B /* stylesPrint.css in Resources */ = {isa = PBXBuildFile; fileRef = C9A40B221BF5EEBD00D3C62B /* stylesPrint.css */; };
		C9A40B551BF5EEBD00D3C62B /* hierarchy.html in Resources */ = {isa = PBXBuildFile; fileRef = C9A40B231BF5EEBD00D3C62B /* hierarchy.html */; };
		C9A40B561BF5EEBD00D3C62B /* button_bar_background.png in Resources */ = {isa = PBXBuildFile; fileRef = C9A40B251BF5EEBD00D3C62B /* button_bar_background.png */; };
		C9A40B571BF5EEBD00D3C62B /* disclosure.png in Resources */ = {isa = PBXBuildFile; fileRef = C9A40B261BF5EEBD00D3C62B /* disclosure.png */; };
		C9A40B581BF5EEBD00D3C62B /* disclosure_open.png in Resources */ = {isa = PBXBuildFile; fileRef = C9A40B271BF5EEBD00D3C62B /* disclosure_open.png */; };
		C9A40B591BF5EEBD00D3C62B /* library_background.png in Resources */ = {isa = PBXBuildFile; fileRef = C9A40B281BF5EEBD00D3C62B /* library_background.png */; };
		C9A40B5A1BF5EEBD00D3C62B /* title_background.png in Resources */ = {isa = PBXBuildFile; fileRef = C9A40B291BF5EEBD00D3C62B /* title_background.png */; };
		C9A40B5B1BF5EEBD00D3C62B /* index.html in Resources */ = {isa = PBXBuildFile; fileRef = C9A40B2A1BF5EEBD00D3C62B /* index.html */; };
		C9A40B5C1BF5EEBD00D3C62B /* MGLAnnotation.html in Resources */ = {isa = PBXBuildFile; fileRef = C9A40B2C1BF5EEBD00D3C62B /* MGLAnnotation.html */; };
		C9A40B5D1BF5EEBD00D3C62B /* MGLMapViewDelegate.html in Resources */ = {isa = PBXBuildFile; fileRef = C9A40B2D1BF5EEBD00D3C62B /* MGLMapViewDelegate.html */; };
		C9A40B5E1BF5EEBD00D3C62B /* MGLOverlay.html in Resources */ = {isa = PBXBuildFile; fileRef = C9A40B2E1BF5EEBD00D3C62B /* MGLOverlay.html */; };
		C9A40B5F1BF5EEBD00D3C62B /* libMapbox.a in Frameworks */ = {isa = PBXBuildFile; fileRef = C9A40B411BF5EEBD00D3C62B /* libMapbox.a */; };
		C9A40B601BF5EEBD00D3C62B /* LICENSE.md in Sources */ = {isa = PBXBuildFile; fileRef = C9A40B421BF5EEBD00D3C62B /* LICENSE.md */; };
		C9A40B611BF5EEBD00D3C62B /* Mapbox.bundle in Resources */ = {isa = PBXBuildFile; fileRef = C9A40B431BF5EEBD00D3C62B /* Mapbox.bundle */; };
		C9A40B621BF5EEBD00D3C62B /* MGLDummy.m in Sources */ = {isa = PBXBuildFile; fileRef = C9A40B441BF5EEBD00D3C62B /* MGLDummy.m */; };
		C9A40B631BF5EEBD00D3C62B /* README.md in Sources */ = {isa = PBXBuildFile; fileRef = C9A40B451BF5EEBD00D3C62B /* README.md */; };
		C9A40B641BF5EEBD00D3C62B /* version.txt in Resources */ = {isa = PBXBuildFile; fileRef = C9A40B461BF5EEBD00D3C62B /* version.txt */; };
/* End PBXBuildFile section */

/* Begin PBXFileReference section */
		C93890601BF4F41C00BA8B04 /* bitter.app */ = {isa = PBXFileReference; explicitFileType = wrapper.application; includeInIndex = 0; path = bitter.app; sourceTree = BUILT_PRODUCTS_DIR; };
		C93890631BF4F41C00BA8B04 /* AppDelegate.swift */ = {isa = PBXFileReference; lastKnownFileType = sourcecode.swift; path = AppDelegate.swift; sourceTree = "<group>"; };
		C938906A1BF4F41C00BA8B04 /* Assets.xcassets */ = {isa = PBXFileReference; lastKnownFileType = folder.assetcatalog; path = Assets.xcassets; sourceTree = "<group>"; };
		C938906D1BF4F41C00BA8B04 /* Base */ = {isa = PBXFileReference; lastKnownFileType = file.storyboard; name = Base; path = Base.lproj/LaunchScreen.storyboard; sourceTree = "<group>"; };
		C938906F1BF4F41C00BA8B04 /* Info.plist */ = {isa = PBXFileReference; lastKnownFileType = text.plist.xml; path = Info.plist; sourceTree = "<group>"; };
		C9A40AEC1BF5DF9700D3C62B /* TabBarScrollableViewController.framework */ = {isa = PBXFileReference; lastKnownFileType = wrapper.framework; name = TabBarScrollableViewController.framework; path = "../TabBarScrollableViewController/build/Debug-iphoneos/TabBarScrollableViewController.framework"; sourceTree = "<group>"; };
		C9A40AF11BF5E39900D3C62B /* SnapKit.framework */ = {isa = PBXFileReference; lastKnownFileType = wrapper.framework; name = SnapKit.framework; path = Carthage/Build/iOS/SnapKit.framework; sourceTree = "<group>"; };
		C9A40AF81BF5E85200D3C62B /* ProfileViewController.swift */ = {isa = PBXFileReference; fileEncoding = 4; lastKnownFileType = sourcecode.swift; path = ProfileViewController.swift; sourceTree = "<group>"; };
		C9A40AFA1BF5E87200D3C62B /* FeedViewController.swift */ = {isa = PBXFileReference; fileEncoding = 4; lastKnownFileType = sourcecode.swift; path = FeedViewController.swift; sourceTree = "<group>"; };
		C9A40AFC1BF5E87B00D3C62B /* MapViewController.swift */ = {isa = PBXFileReference; fileEncoding = 4; lastKnownFileType = sourcecode.swift; path = MapViewController.swift; sourceTree = "<group>"; };
		C9A40AFF1BF5E8F100D3C62B /* Theme.swift */ = {isa = PBXFileReference; fileEncoding = 4; lastKnownFileType = sourcecode.swift; path = Theme.swift; sourceTree = "<group>"; };
		C9A40B011BF5E93A00D3C62B /* UIColor+Chameleon.swift */ = {isa = PBXFileReference; fileEncoding = 4; lastKnownFileType = sourcecode.swift; path = "UIColor+Chameleon.swift"; sourceTree = "<group>"; };
		C9A40B031BF5EDBB00D3C62B /* CoreTelephony.framework */ = {isa = PBXFileReference; lastKnownFileType = wrapper.framework; name = CoreTelephony.framework; path = System/Library/Frameworks/CoreTelephony.framework; sourceTree = SDKROOT; };
		C9A40B051BF5EDC600D3C62B /* GLKit.framework */ = {isa = PBXFileReference; lastKnownFileType = wrapper.framework; name = GLKit.framework; path = System/Library/Frameworks/GLKit.framework; sourceTree = SDKROOT; };
		C9A40B071BF5EDCA00D3C62B /* ImageIO.framework */ = {isa = PBXFileReference; lastKnownFileType = wrapper.framework; name = ImageIO.framework; path = System/Library/Frameworks/ImageIO.framework; sourceTree = SDKROOT; };
		C9A40B091BF5EDD000D3C62B /* MobileCoreServices.framework */ = {isa = PBXFileReference; lastKnownFileType = wrapper.framework; name = MobileCoreServices.framework; path = System/Library/Frameworks/MobileCoreServices.framework; sourceTree = SDKROOT; };
		C9A40B0B1BF5EDD600D3C62B /* QuartzCore.framework */ = {isa = PBXFileReference; lastKnownFileType = wrapper.framework; name = QuartzCore.framework; path = System/Library/Frameworks/QuartzCore.framework; sourceTree = SDKROOT; };
		C9A40B0D1BF5EDDA00D3C62B /* SystemConfiguration.framework */ = {isa = PBXFileReference; lastKnownFileType = wrapper.framework; name = SystemConfiguration.framework; path = System/Library/Frameworks/SystemConfiguration.framework; sourceTree = SDKROOT; };
		C9A40B131BF5EEBD00D3C62B /* MGLAccountManager.html */ = {isa = PBXFileReference; fileEncoding = 4; lastKnownFileType = text.html; path = MGLAccountManager.html; sourceTree = "<group>"; };
		C9A40B141BF5EEBD00D3C62B /* MGLAnnotationImage.html */ = {isa = PBXFileReference; fileEncoding = 4; lastKnownFileType = text.html; path = MGLAnnotationImage.html; sourceTree = "<group>"; };
		C9A40B151BF5EEBD00D3C62B /* MGLMapCamera.html */ = {isa = PBXFileReference; fileEncoding = 4; lastKnownFileType = text.html; path = MGLMapCamera.html; sourceTree = "<group>"; };
		C9A40B161BF5EEBD00D3C62B /* MGLMapView.html */ = {isa = PBXFileReference; fileEncoding = 4; lastKnownFileType = text.html; path = MGLMapView.html; sourceTree = "<group>"; };
		C9A40B171BF5EEBD00D3C62B /* MGLMultiPoint.html */ = {isa = PBXFileReference; fileEncoding = 4; lastKnownFileType = text.html; path = MGLMultiPoint.html; sourceTree = "<group>"; };
		C9A40B181BF5EEBD00D3C62B /* MGLPointAnnotation.html */ = {isa = PBXFileReference; fileEncoding = 4; lastKnownFileType = text.html; path = MGLPointAnnotation.html; sourceTree = "<group>"; };
		C9A40B191BF5EEBD00D3C62B /* MGLPolygon.html */ = {isa = PBXFileReference; fileEncoding = 4; lastKnownFileType = text.html; path = MGLPolygon.html; sourceTree = "<group>"; };
		C9A40B1A1BF5EEBD00D3C62B /* MGLPolyline.html */ = {isa = PBXFileReference; fileEncoding = 4; lastKnownFileType = text.html; path = MGLPolyline.html; sourceTree = "<group>"; };
		C9A40B1B1BF5EEBD00D3C62B /* MGLShape.html */ = {isa = PBXFileReference; fileEncoding = 4; lastKnownFileType = text.html; path = MGLShape.html; sourceTree = "<group>"; };
		C9A40B1C1BF5EEBD00D3C62B /* MGLStyle.html */ = {isa = PBXFileReference; fileEncoding = 4; lastKnownFileType = text.html; path = MGLStyle.html; sourceTree = "<group>"; };
		C9A40B1D1BF5EEBD00D3C62B /* MGLUserLocation.html */ = {isa = PBXFileReference; fileEncoding = 4; lastKnownFileType = text.html; path = MGLUserLocation.html; sourceTree = "<group>"; };
		C9A40B1F1BF5EEBD00D3C62B /* MGLUserTrackingMode.html */ = {isa = PBXFileReference; fileEncoding = 4; lastKnownFileType = text.html; path = MGLUserTrackingMode.html; sourceTree = "<group>"; };
		C9A40B211BF5EEBD00D3C62B /* styles.css */ = {isa = PBXFileReference; fileEncoding = 4; lastKnownFileType = text.css; path = styles.css; sourceTree = "<group>"; };
		C9A40B221BF5EEBD00D3C62B /* stylesPrint.css */ = {isa = PBXFileReference; fileEncoding = 4; lastKnownFileType = text.css; path = stylesPrint.css; sourceTree = "<group>"; };
		C9A40B231BF5EEBD00D3C62B /* hierarchy.html */ = {isa = PBXFileReference; fileEncoding = 4; lastKnownFileType = text.html; path = hierarchy.html; sourceTree = "<group>"; };
		C9A40B251BF5EEBD00D3C62B /* button_bar_background.png */ = {isa = PBXFileReference; lastKnownFileType = image.png; path = button_bar_background.png; sourceTree = "<group>"; };
		C9A40B261BF5EEBD00D3C62B /* disclosure.png */ = {isa = PBXFileReference; lastKnownFileType = image.png; path = disclosure.png; sourceTree = "<group>"; };
		C9A40B271BF5EEBD00D3C62B /* disclosure_open.png */ = {isa = PBXFileReference; lastKnownFileType = image.png; path = disclosure_open.png; sourceTree = "<group>"; };
		C9A40B281BF5EEBD00D3C62B /* library_background.png */ = {isa = PBXFileReference; lastKnownFileType = image.png; path = library_background.png; sourceTree = "<group>"; };
		C9A40B291BF5EEBD00D3C62B /* title_background.png */ = {isa = PBXFileReference; lastKnownFileType = image.png; path = title_background.png; sourceTree = "<group>"; };
		C9A40B2A1BF5EEBD00D3C62B /* index.html */ = {isa = PBXFileReference; fileEncoding = 4; lastKnownFileType = text.html; path = index.html; sourceTree = "<group>"; };
		C9A40B2C1BF5EEBD00D3C62B /* MGLAnnotation.html */ = {isa = PBXFileReference; fileEncoding = 4; lastKnownFileType = text.html; path = MGLAnnotation.html; sourceTree = "<group>"; };
		C9A40B2D1BF5EEBD00D3C62B /* MGLMapViewDelegate.html */ = {isa = PBXFileReference; fileEncoding = 4; lastKnownFileType = text.html; path = MGLMapViewDelegate.html; sourceTree = "<group>"; };
		C9A40B2E1BF5EEBD00D3C62B /* MGLOverlay.html */ = {isa = PBXFileReference; fileEncoding = 4; lastKnownFileType = text.html; path = MGLOverlay.html; sourceTree = "<group>"; };
		C9A40B301BF5EEBD00D3C62B /* Mapbox.h */ = {isa = PBXFileReference; fileEncoding = 4; lastKnownFileType = sourcecode.c.h; path = Mapbox.h; sourceTree = "<group>"; };
		C9A40B311BF5EEBD00D3C62B /* MGLAccountManager.h */ = {isa = PBXFileReference; fileEncoding = 4; lastKnownFileType = sourcecode.c.h; path = MGLAccountManager.h; sourceTree = "<group>"; };
		C9A40B321BF5EEBD00D3C62B /* MGLAnnotation.h */ = {isa = PBXFileReference; fileEncoding = 4; lastKnownFileType = sourcecode.c.h; path = MGLAnnotation.h; sourceTree = "<group>"; };
		C9A40B331BF5EEBD00D3C62B /* MGLAnnotationImage.h */ = {isa = PBXFileReference; fileEncoding = 4; lastKnownFileType = sourcecode.c.h; path = MGLAnnotationImage.h; sourceTree = "<group>"; };
		C9A40B341BF5EEBD00D3C62B /* MGLGeometry.h */ = {isa = PBXFileReference; fileEncoding = 4; lastKnownFileType = sourcecode.c.h; path = MGLGeometry.h; sourceTree = "<group>"; };
		C9A40B351BF5EEBD00D3C62B /* MGLMapCamera.h */ = {isa = PBXFileReference; fileEncoding = 4; lastKnownFileType = sourcecode.c.h; path = MGLMapCamera.h; sourceTree = "<group>"; };
		C9A40B361BF5EEBD00D3C62B /* MGLMapView+IBAdditions.h */ = {isa = PBXFileReference; fileEncoding = 4; lastKnownFileType = sourcecode.c.h; path = "MGLMapView+IBAdditions.h"; sourceTree = "<group>"; };
		C9A40B371BF5EEBD00D3C62B /* MGLMapView.h */ = {isa = PBXFileReference; fileEncoding = 4; lastKnownFileType = sourcecode.c.h; path = MGLMapView.h; sourceTree = "<group>"; };
		C9A40B381BF5EEBD00D3C62B /* MGLMultiPoint.h */ = {isa = PBXFileReference; fileEncoding = 4; lastKnownFileType = sourcecode.c.h; path = MGLMultiPoint.h; sourceTree = "<group>"; };
		C9A40B391BF5EEBD00D3C62B /* MGLOverlay.h */ = {isa = PBXFileReference; fileEncoding = 4; lastKnownFileType = sourcecode.c.h; path = MGLOverlay.h; sourceTree = "<group>"; };
		C9A40B3A1BF5EEBD00D3C62B /* MGLPointAnnotation.h */ = {isa = PBXFileReference; fileEncoding = 4; lastKnownFileType = sourcecode.c.h; path = MGLPointAnnotation.h; sourceTree = "<group>"; };
		C9A40B3B1BF5EEBD00D3C62B /* MGLPolygon.h */ = {isa = PBXFileReference; fileEncoding = 4; lastKnownFileType = sourcecode.c.h; path = MGLPolygon.h; sourceTree = "<group>"; };
		C9A40B3C1BF5EEBD00D3C62B /* MGLPolyline.h */ = {isa = PBXFileReference; fileEncoding = 4; lastKnownFileType = sourcecode.c.h; path = MGLPolyline.h; sourceTree = "<group>"; };
		C9A40B3D1BF5EEBD00D3C62B /* MGLShape.h */ = {isa = PBXFileReference; fileEncoding = 4; lastKnownFileType = sourcecode.c.h; path = MGLShape.h; sourceTree = "<group>"; };
		C9A40B3E1BF5EEBD00D3C62B /* MGLStyle.h */ = {isa = PBXFileReference; fileEncoding = 4; lastKnownFileType = sourcecode.c.h; path = MGLStyle.h; sourceTree = "<group>"; };
		C9A40B3F1BF5EEBD00D3C62B /* MGLTypes.h */ = {isa = PBXFileReference; fileEncoding = 4; lastKnownFileType = sourcecode.c.h; path = MGLTypes.h; sourceTree = "<group>"; };
		C9A40B401BF5EEBD00D3C62B /* MGLUserLocation.h */ = {isa = PBXFileReference; fileEncoding = 4; lastKnownFileType = sourcecode.c.h; path = MGLUserLocation.h; sourceTree = "<group>"; };
		C9A40B411BF5EEBD00D3C62B /* libMapbox.a */ = {isa = PBXFileReference; lastKnownFileType = archive.ar; path = libMapbox.a; sourceTree = "<group>"; };
		C9A40B421BF5EEBD00D3C62B /* LICENSE.md */ = {isa = PBXFileReference; fileEncoding = 4; lastKnownFileType = net.daringfireball.markdown; path = LICENSE.md; sourceTree = "<group>"; };
		C9A40B431BF5EEBD00D3C62B /* Mapbox.bundle */ = {isa = PBXFileReference; lastKnownFileType = "wrapper.plug-in"; path = Mapbox.bundle; sourceTree = "<group>"; };
		C9A40B441BF5EEBD00D3C62B /* MGLDummy.m */ = {isa = PBXFileReference; fileEncoding = 4; lastKnownFileType = sourcecode.c.objc; path = MGLDummy.m; sourceTree = "<group>"; };
		C9A40B451BF5EEBD00D3C62B /* README.md */ = {isa = PBXFileReference; fileEncoding = 4; lastKnownFileType = net.daringfireball.markdown; path = README.md; sourceTree = "<group>"; };
		C9A40B461BF5EEBD00D3C62B /* version.txt */ = {isa = PBXFileReference; fileEncoding = 4; lastKnownFileType = text; path = version.txt; sourceTree = "<group>"; };
/* End PBXFileReference section */

/* Begin PBXFrameworksBuildPhase section */
		C938905D1BF4F41C00BA8B04 /* Frameworks */ = {
			isa = PBXFrameworksBuildPhase;
			buildActionMask = 2147483647;
			files = (
				C9A40B0E1BF5EDDA00D3C62B /* SystemConfiguration.framework in Frameworks */,
				C9A40B0C1BF5EDD600D3C62B /* QuartzCore.framework in Frameworks */,
				C9A40B0A1BF5EDD000D3C62B /* MobileCoreServices.framework in Frameworks */,
				C9A40B081BF5EDCA00D3C62B /* ImageIO.framework in Frameworks */,
				C9A40B061BF5EDC600D3C62B /* GLKit.framework in Frameworks */,
				C9A40B041BF5EDBB00D3C62B /* CoreTelephony.framework in Frameworks */,
				C9A40B5F1BF5EEBD00D3C62B /* libMapbox.a in Frameworks */,
				C9A40AED1BF5DF9700D3C62B /* TabBarScrollableViewController.framework in Frameworks */,
				C9A40AF21BF5E39900D3C62B /* SnapKit.framework in Frameworks */,
			);
			runOnlyForDeploymentPostprocessing = 0;
		};
/* End PBXFrameworksBuildPhase section */

/* Begin PBXGroup section */
		C93890571BF4F41C00BA8B04 = {
			isa = PBXGroup;
			children = (
				C9A40B0F1BF5EEBD00D3C62B /* mapbox-ios-sdk-3.0.0-pre.5 */,
				C9A40B0D1BF5EDDA00D3C62B /* SystemConfiguration.framework */,
				C9A40B0B1BF5EDD600D3C62B /* QuartzCore.framework */,
				C9A40B091BF5EDD000D3C62B /* MobileCoreServices.framework */,
				C9A40B071BF5EDCA00D3C62B /* ImageIO.framework */,
				C9A40B051BF5EDC600D3C62B /* GLKit.framework */,
				C9A40B031BF5EDBB00D3C62B /* CoreTelephony.framework */,
				C9A40AEC1BF5DF9700D3C62B /* TabBarScrollableViewController.framework */,
				C9A40AF11BF5E39900D3C62B /* SnapKit.framework */,
				C93890621BF4F41C00BA8B04 /* bitter */,
				C93890611BF4F41C00BA8B04 /* Products */,
			);
			sourceTree = "<group>";
		};
		C93890611BF4F41C00BA8B04 /* Products */ = {
			isa = PBXGroup;
			children = (
				C93890601BF4F41C00BA8B04 /* bitter.app */,
			);
			name = Products;
			sourceTree = "<group>";
		};
		C93890621BF4F41C00BA8B04 /* bitter */ = {
			isa = PBXGroup;
			children = (
				C93890631BF4F41C00BA8B04 /* AppDelegate.swift */,
				C9A40AF41BF5E81200D3C62B /* View Controllers */,
				C9A40AFE1BF5E8DE00D3C62B /* Theme */,
				C938906A1BF4F41C00BA8B04 /* Assets.xcassets */,
				C938906C1BF4F41C00BA8B04 /* LaunchScreen.storyboard */,
				C938906F1BF4F41C00BA8B04 /* Info.plist */,
			);
			path = bitter;
			sourceTree = "<group>";
		};
		C9A40AF41BF5E81200D3C62B /* View Controllers */ = {
			isa = PBXGroup;
			children = (
				C9A40AF71BF5E83F00D3C62B /* ProfileView View Controllers */,
				C9A40AF61BF5E83000D3C62B /* FeedView View Controllers */,
				C9A40AF51BF5E81F00D3C62B /* MapView View Controllers */,
			);
			name = "View Controllers";
			sourceTree = "<group>";
		};
		C9A40AF51BF5E81F00D3C62B /* MapView View Controllers */ = {
			isa = PBXGroup;
			children = (
				C9A40AFC1BF5E87B00D3C62B /* MapViewController.swift */,
			);
			name = "MapView View Controllers";
			sourceTree = "<group>";
		};
		C9A40AF61BF5E83000D3C62B /* FeedView View Controllers */ = {
			isa = PBXGroup;
			children = (
				C9A40AFA1BF5E87200D3C62B /* FeedViewController.swift */,
			);
			name = "FeedView View Controllers";
			sourceTree = "<group>";
		};
		C9A40AF71BF5E83F00D3C62B /* ProfileView View Controllers */ = {
			isa = PBXGroup;
			children = (
				C9A40AF81BF5E85200D3C62B /* ProfileViewController.swift */,
			);
			name = "ProfileView View Controllers";
			sourceTree = "<group>";
		};
		C9A40AFE1BF5E8DE00D3C62B /* Theme */ = {
			isa = PBXGroup;
			children = (
				C9A40AFF1BF5E8F100D3C62B /* Theme.swift */,
				C9A40B011BF5E93A00D3C62B /* UIColor+Chameleon.swift */,
			);
			name = Theme;
			sourceTree = "<group>";
		};
		C9A40B0F1BF5EEBD00D3C62B /* mapbox-ios-sdk-3.0.0-pre.5 */ = {
			isa = PBXGroup;
			children = (
				C9A40B101BF5EEBD00D3C62B /* Docs */,
				C9A40B2F1BF5EEBD00D3C62B /* Headers */,
				C9A40B411BF5EEBD00D3C62B /* libMapbox.a */,
				C9A40B421BF5EEBD00D3C62B /* LICENSE.md */,
				C9A40B431BF5EEBD00D3C62B /* Mapbox.bundle */,
				C9A40B441BF5EEBD00D3C62B /* MGLDummy.m */,
				C9A40B451BF5EEBD00D3C62B /* README.md */,
				C9A40B461BF5EEBD00D3C62B /* version.txt */,
			);
			path = "mapbox-ios-sdk-3.0.0-pre.5";
			sourceTree = "<group>";
		};
		C9A40B101BF5EEBD00D3C62B /* Docs */ = {
			isa = PBXGroup;
			children = (
				C9A40B111BF5EEBD00D3C62B /* html */,
			);
			path = Docs;
			sourceTree = "<group>";
		};
		C9A40B111BF5EEBD00D3C62B /* html */ = {
			isa = PBXGroup;
			children = (
				C9A40B121BF5EEBD00D3C62B /* Classes */,
				C9A40B1E1BF5EEBD00D3C62B /* Constants */,
				C9A40B201BF5EEBD00D3C62B /* css */,
				C9A40B231BF5EEBD00D3C62B /* hierarchy.html */,
				C9A40B241BF5EEBD00D3C62B /* img */,
				C9A40B2A1BF5EEBD00D3C62B /* index.html */,
				C9A40B2B1BF5EEBD00D3C62B /* Protocols */,
			);
			path = html;
			sourceTree = "<group>";
		};
		C9A40B121BF5EEBD00D3C62B /* Classes */ = {
			isa = PBXGroup;
			children = (
				C9A40B131BF5EEBD00D3C62B /* MGLAccountManager.html */,
				C9A40B141BF5EEBD00D3C62B /* MGLAnnotationImage.html */,
				C9A40B151BF5EEBD00D3C62B /* MGLMapCamera.html */,
				C9A40B161BF5EEBD00D3C62B /* MGLMapView.html */,
				C9A40B171BF5EEBD00D3C62B /* MGLMultiPoint.html */,
				C9A40B181BF5EEBD00D3C62B /* MGLPointAnnotation.html */,
				C9A40B191BF5EEBD00D3C62B /* MGLPolygon.html */,
				C9A40B1A1BF5EEBD00D3C62B /* MGLPolyline.html */,
				C9A40B1B1BF5EEBD00D3C62B /* MGLShape.html */,
				C9A40B1C1BF5EEBD00D3C62B /* MGLStyle.html */,
				C9A40B1D1BF5EEBD00D3C62B /* MGLUserLocation.html */,
			);
			path = Classes;
			sourceTree = "<group>";
		};
		C9A40B1E1BF5EEBD00D3C62B /* Constants */ = {
			isa = PBXGroup;
			children = (
				C9A40B1F1BF5EEBD00D3C62B /* MGLUserTrackingMode.html */,
			);
			path = Constants;
			sourceTree = "<group>";
		};
		C9A40B201BF5EEBD00D3C62B /* css */ = {
			isa = PBXGroup;
			children = (
				C9A40B211BF5EEBD00D3C62B /* styles.css */,
				C9A40B221BF5EEBD00D3C62B /* stylesPrint.css */,
			);
			path = css;
			sourceTree = "<group>";
		};
		C9A40B241BF5EEBD00D3C62B /* img */ = {
			isa = PBXGroup;
			children = (
				C9A40B251BF5EEBD00D3C62B /* button_bar_background.png */,
				C9A40B261BF5EEBD00D3C62B /* disclosure.png */,
				C9A40B271BF5EEBD00D3C62B /* disclosure_open.png */,
				C9A40B281BF5EEBD00D3C62B /* library_background.png */,
				C9A40B291BF5EEBD00D3C62B /* title_background.png */,
			);
			path = img;
			sourceTree = "<group>";
		};
		C9A40B2B1BF5EEBD00D3C62B /* Protocols */ = {
			isa = PBXGroup;
			children = (
				C9A40B2C1BF5EEBD00D3C62B /* MGLAnnotation.html */,
				C9A40B2D1BF5EEBD00D3C62B /* MGLMapViewDelegate.html */,
				C9A40B2E1BF5EEBD00D3C62B /* MGLOverlay.html */,
			);
			path = Protocols;
			sourceTree = "<group>";
		};
		C9A40B2F1BF5EEBD00D3C62B /* Headers */ = {
			isa = PBXGroup;
			children = (
				C9A40B301BF5EEBD00D3C62B /* Mapbox.h */,
				C9A40B311BF5EEBD00D3C62B /* MGLAccountManager.h */,
				C9A40B321BF5EEBD00D3C62B /* MGLAnnotation.h */,
				C9A40B331BF5EEBD00D3C62B /* MGLAnnotationImage.h */,
				C9A40B341BF5EEBD00D3C62B /* MGLGeometry.h */,
				C9A40B351BF5EEBD00D3C62B /* MGLMapCamera.h */,
				C9A40B361BF5EEBD00D3C62B /* MGLMapView+IBAdditions.h */,
				C9A40B371BF5EEBD00D3C62B /* MGLMapView.h */,
				C9A40B381BF5EEBD00D3C62B /* MGLMultiPoint.h */,
				C9A40B391BF5EEBD00D3C62B /* MGLOverlay.h */,
				C9A40B3A1BF5EEBD00D3C62B /* MGLPointAnnotation.h */,
				C9A40B3B1BF5EEBD00D3C62B /* MGLPolygon.h */,
				C9A40B3C1BF5EEBD00D3C62B /* MGLPolyline.h */,
				C9A40B3D1BF5EEBD00D3C62B /* MGLShape.h */,
				C9A40B3E1BF5EEBD00D3C62B /* MGLStyle.h */,
				C9A40B3F1BF5EEBD00D3C62B /* MGLTypes.h */,
				C9A40B401BF5EEBD00D3C62B /* MGLUserLocation.h */,
			);
			path = Headers;
			sourceTree = "<group>";
		};
/* End PBXGroup section */

/* Begin PBXNativeTarget section */
		C938905F1BF4F41C00BA8B04 /* bitter */ = {
			isa = PBXNativeTarget;
			buildConfigurationList = C93890721BF4F41C00BA8B04 /* Build configuration list for PBXNativeTarget "bitter" */;
			buildPhases = (
				C938905C1BF4F41C00BA8B04 /* Sources */,
				C938905D1BF4F41C00BA8B04 /* Frameworks */,
				C938905E1BF4F41C00BA8B04 /* Resources */,
				C9A40AF31BF5E3A000D3C62B /* ShellScript */,
			);
			buildRules = (
			);
			dependencies = (
			);
			name = bitter;
			productName = bitter;
			productReference = C93890601BF4F41C00BA8B04 /* bitter.app */;
			productType = "com.apple.product-type.application";
		};
/* End PBXNativeTarget section */

/* Begin PBXProject section */
		C93890581BF4F41C00BA8B04 /* Project object */ = {
			isa = PBXProject;
			attributes = {
				LastSwiftUpdateCheck = 0710;
				LastUpgradeCheck = 0710;
				ORGANIZATIONNAME = mattc;
				TargetAttributes = {
					C938905F1BF4F41C00BA8B04 = {
						CreatedOnToolsVersion = 7.1.1;
						SystemCapabilities = {
							com.apple.BackgroundModes = {
								enabled = 1;
							};
						};
					};
				};
			};
			buildConfigurationList = C938905B1BF4F41C00BA8B04 /* Build configuration list for PBXProject "bitter" */;
			compatibilityVersion = "Xcode 3.2";
			developmentRegion = English;
			hasScannedForEncodings = 0;
			knownRegions = (
				en,
				Base,
			);
			mainGroup = C93890571BF4F41C00BA8B04;
			productRefGroup = C93890611BF4F41C00BA8B04 /* Products */;
			projectDirPath = "";
			projectRoot = "";
			targets = (
				C938905F1BF4F41C00BA8B04 /* bitter */,
			);
		};
/* End PBXProject section */

/* Begin PBXResourcesBuildPhase section */
		C938905E1BF4F41C00BA8B04 /* Resources */ = {
			isa = PBXResourcesBuildPhase;
			buildActionMask = 2147483647;
			files = (
				C9A40B5D1BF5EEBD00D3C62B /* MGLMapViewDelegate.html in Resources */,
				C9A40B481BF5EEBD00D3C62B /* MGLAnnotationImage.html in Resources */,
				C938906E1BF4F41C00BA8B04 /* LaunchScreen.storyboard in Resources */,
				C9A40B611BF5EEBD00D3C62B /* Mapbox.bundle in Resources */,
				C9A40B5B1BF5EEBD00D3C62B /* index.html in Resources */,
				C9A40B551BF5EEBD00D3C62B /* hierarchy.html in Resources */,
				C9A40B561BF5EEBD00D3C62B /* button_bar_background.png in Resources */,
				C9A40B5E1BF5EEBD00D3C62B /* MGLOverlay.html in Resources */,
				C9A40B581BF5EEBD00D3C62B /* disclosure_open.png in Resources */,
				C938906B1BF4F41C00BA8B04 /* Assets.xcassets in Resources */,
				C9A40B531BF5EEBD00D3C62B /* styles.css in Resources */,
				C9A40B5C1BF5EEBD00D3C62B /* MGLAnnotation.html in Resources */,
				C9A40B4B1BF5EEBD00D3C62B /* MGLMultiPoint.html in Resources */,
				C9A40B4D1BF5EEBD00D3C62B /* MGLPolygon.html in Resources */,
				C9A40B4A1BF5EEBD00D3C62B /* MGLMapView.html in Resources */,
				C9A40B591BF5EEBD00D3C62B /* library_background.png in Resources */,
				C9A40B541BF5EEBD00D3C62B /* stylesPrint.css in Resources */,
				C9A40B471BF5EEBD00D3C62B /* MGLAccountManager.html in Resources */,
				C9A40B491BF5EEBD00D3C62B /* MGLMapCamera.html in Resources */,
				C9A40B5A1BF5EEBD00D3C62B /* title_background.png in Resources */,
				C9A40B521BF5EEBD00D3C62B /* MGLUserTrackingMode.html in Resources */,
				C9A40B571BF5EEBD00D3C62B /* disclosure.png in Resources */,
				C9A40B4F1BF5EEBD00D3C62B /* MGLShape.html in Resources */,
				C9A40B641BF5EEBD00D3C62B /* version.txt in Resources */,
				C9A40B511BF5EEBD00D3C62B /* MGLUserLocation.html in Resources */,
				C9A40B501BF5EEBD00D3C62B /* MGLStyle.html in Resources */,
				C9A40B4C1BF5EEBD00D3C62B /* MGLPointAnnotation.html in Resources */,
				C9A40B4E1BF5EEBD00D3C62B /* MGLPolyline.html in Resources */,
			);
			runOnlyForDeploymentPostprocessing = 0;
		};
/* End PBXResourcesBuildPhase section */

/* Begin PBXShellScriptBuildPhase section */
		C9A40AF31BF5E3A000D3C62B /* ShellScript */ = {
			isa = PBXShellScriptBuildPhase;
			buildActionMask = 2147483647;
			files = (
			);
			inputPaths = (
				"$(SRCROOT)/Carthage/Build/iOS/SnapKit.framework",
			);
			outputPaths = (
			);
			runOnlyForDeploymentPostprocessing = 0;
			shellPath = /bin/sh;
			shellScript = "/usr/local/bin/carthage copy-frameworks";
		};
/* End PBXShellScriptBuildPhase section */

/* Begin PBXSourcesBuildPhase section */
		C938905C1BF4F41C00BA8B04 /* Sources */ = {
			isa = PBXSourcesBuildPhase;
			buildActionMask = 2147483647;
			files = (
				C9A40AF91BF5E85200D3C62B /* ProfileViewController.swift in Sources */,
				C9A40B621BF5EEBD00D3C62B /* MGLDummy.m in Sources */,
				C9A40AFB1BF5E87200D3C62B /* FeedViewController.swift in Sources */,
				C9A40B001BF5E8F100D3C62B /* Theme.swift in Sources */,
				C93890641BF4F41C00BA8B04 /* AppDelegate.swift in Sources */,
				C9A40B021BF5E93A00D3C62B /* UIColor+Chameleon.swift in Sources */,
				C9A40B631BF5EEBD00D3C62B /* README.md in Sources */,
				C9A40AFD1BF5E87B00D3C62B /* MapViewController.swift in Sources */,
				C9A40B601BF5EEBD00D3C62B /* LICENSE.md in Sources */,
			);
			runOnlyForDeploymentPostprocessing = 0;
		};
/* End PBXSourcesBuildPhase section */

/* Begin PBXVariantGroup section */
		C938906C1BF4F41C00BA8B04 /* LaunchScreen.storyboard */ = {
			isa = PBXVariantGroup;
			children = (
				C938906D1BF4F41C00BA8B04 /* Base */,
			);
			name = LaunchScreen.storyboard;
			sourceTree = "<group>";
		};
/* End PBXVariantGroup section */

/* Begin XCBuildConfiguration section */
		C93890701BF4F41C00BA8B04 /* Debug */ = {
			isa = XCBuildConfiguration;
			buildSettings = {
				ALWAYS_SEARCH_USER_PATHS = NO;
				CLANG_CXX_LANGUAGE_STANDARD = "gnu++0x";
				CLANG_CXX_LIBRARY = "libc++";
				CLANG_ENABLE_MODULES = YES;
				CLANG_ENABLE_OBJC_ARC = YES;
				CLANG_WARN_BOOL_CONVERSION = YES;
				CLANG_WARN_CONSTANT_CONVERSION = YES;
				CLANG_WARN_DIRECT_OBJC_ISA_USAGE = YES_ERROR;
				CLANG_WARN_EMPTY_BODY = YES;
				CLANG_WARN_ENUM_CONVERSION = YES;
				CLANG_WARN_INT_CONVERSION = YES;
				CLANG_WARN_OBJC_ROOT_CLASS = YES_ERROR;
				CLANG_WARN_UNREACHABLE_CODE = YES;
				CLANG_WARN__DUPLICATE_METHOD_MATCH = YES;
				"CODE_SIGN_IDENTITY[sdk=iphoneos*]" = "iPhone Developer";
				COPY_PHASE_STRIP = NO;
				DEBUG_INFORMATION_FORMAT = dwarf;
				ENABLE_STRICT_OBJC_MSGSEND = YES;
				ENABLE_TESTABILITY = YES;
				GCC_C_LANGUAGE_STANDARD = gnu99;
				GCC_DYNAMIC_NO_PIC = NO;
				GCC_NO_COMMON_BLOCKS = YES;
				GCC_OPTIMIZATION_LEVEL = 0;
				GCC_PREPROCESSOR_DEFINITIONS = (
					"DEBUG=1",
					"$(inherited)",
				);
				GCC_WARN_64_TO_32_BIT_CONVERSION = YES;
				GCC_WARN_ABOUT_RETURN_TYPE = YES_ERROR;
				GCC_WARN_UNDECLARED_SELECTOR = YES;
				GCC_WARN_UNINITIALIZED_AUTOS = YES_AGGRESSIVE;
				GCC_WARN_UNUSED_FUNCTION = YES;
				GCC_WARN_UNUSED_VARIABLE = YES;
				IPHONEOS_DEPLOYMENT_TARGET = 9.1;
				MTL_ENABLE_DEBUG_INFO = YES;
				ONLY_ACTIVE_ARCH = YES;
				SDKROOT = iphoneos;
				SWIFT_OPTIMIZATION_LEVEL = "-Onone";
				TARGETED_DEVICE_FAMILY = "1,2";
			};
			name = Debug;
		};
		C93890711BF4F41C00BA8B04 /* Release */ = {
			isa = XCBuildConfiguration;
			buildSettings = {
				ALWAYS_SEARCH_USER_PATHS = NO;
				CLANG_CXX_LANGUAGE_STANDARD = "gnu++0x";
				CLANG_CXX_LIBRARY = "libc++";
				CLANG_ENABLE_MODULES = YES;
				CLANG_ENABLE_OBJC_ARC = YES;
				CLANG_WARN_BOOL_CONVERSION = YES;
				CLANG_WARN_CONSTANT_CONVERSION = YES;
				CLANG_WARN_DIRECT_OBJC_ISA_USAGE = YES_ERROR;
				CLANG_WARN_EMPTY_BODY = YES;
				CLANG_WARN_ENUM_CONVERSION = YES;
				CLANG_WARN_INT_CONVERSION = YES;
				CLANG_WARN_OBJC_ROOT_CLASS = YES_ERROR;
				CLANG_WARN_UNREACHABLE_CODE = YES;
				CLANG_WARN__DUPLICATE_METHOD_MATCH = YES;
				"CODE_SIGN_IDENTITY[sdk=iphoneos*]" = "iPhone Developer";
				COPY_PHASE_STRIP = NO;
				DEBUG_INFORMATION_FORMAT = "dwarf-with-dsym";
				ENABLE_NS_ASSERTIONS = NO;
				ENABLE_STRICT_OBJC_MSGSEND = YES;
				GCC_C_LANGUAGE_STANDARD = gnu99;
				GCC_NO_COMMON_BLOCKS = YES;
				GCC_WARN_64_TO_32_BIT_CONVERSION = YES;
				GCC_WARN_ABOUT_RETURN_TYPE = YES_ERROR;
				GCC_WARN_UNDECLARED_SELECTOR = YES;
				GCC_WARN_UNINITIALIZED_AUTOS = YES_AGGRESSIVE;
				GCC_WARN_UNUSED_FUNCTION = YES;
				GCC_WARN_UNUSED_VARIABLE = YES;
				IPHONEOS_DEPLOYMENT_TARGET = 9.1;
				MTL_ENABLE_DEBUG_INFO = NO;
				SDKROOT = iphoneos;
				TARGETED_DEVICE_FAMILY = "1,2";
				VALIDATE_PRODUCT = YES;
			};
			name = Release;
		};
		C93890731BF4F41C00BA8B04 /* Debug */ = {
			isa = XCBuildConfiguration;
			buildSettings = {
				ASSETCATALOG_COMPILER_APPICON_NAME = AppIcon;
				ENABLE_BITCODE = NO;
				FRAMEWORK_SEARCH_PATHS = (
					"$(inherited)",
					"$(PROJECT_DIR)/Carthage/Build/iOS",
				);
				INFOPLIST_FILE = bitter/Info.plist;
				LD_RUNPATH_SEARCH_PATHS = "$(inherited) @executable_path/Frameworks";
				LIBRARY_SEARCH_PATHS = (
					"$(inherited)",
					"$(PROJECT_DIR)/mapbox-ios-sdk-3.0.0-pre.5",
				);
				OTHER_LDFLAGS = (
					"-ObjC",
					"-lz",
					"-lc++",
					"-lsqlite3",
				);
				PRODUCT_BUNDLE_IDENTIFIER = mat.tc.bitter;
				PRODUCT_NAME = "$(TARGET_NAME)";
			};
			name = Debug;
		};
		C93890741BF4F41C00BA8B04 /* Release */ = {
			isa = XCBuildConfiguration;
			buildSettings = {
				ASSETCATALOG_COMPILER_APPICON_NAME = AppIcon;
				ENABLE_BITCODE = NO;
				FRAMEWORK_SEARCH_PATHS = (
					"$(inherited)",
					"$(PROJECT_DIR)/Carthage/Build/iOS",
				);
				INFOPLIST_FILE = bitter/Info.plist;
				LD_RUNPATH_SEARCH_PATHS = "$(inherited) @executable_path/Frameworks";
				LIBRARY_SEARCH_PATHS = (
					"$(inherited)",
					"$(PROJECT_DIR)/mapbox-ios-sdk-3.0.0-pre.5",
				);
				OTHER_LDFLAGS = (
					"-ObjC",
					"-lz",
					"-lc++",
					"-lsqlite3",
				);
				PRODUCT_BUNDLE_IDENTIFIER = mat.tc.bitter;
				PRODUCT_NAME = "$(TARGET_NAME)";
			};
			name = Release;
		};
/* End XCBuildConfiguration section */

/* Begin XCConfigurationList section */
		C938905B1BF4F41C00BA8B04 /* Build configuration list for PBXProject "bitter" */ = {
			isa = XCConfigurationList;
			buildConfigurations = (
				C93890701BF4F41C00BA8B04 /* Debug */,
				C93890711BF4F41C00BA8B04 /* Release */,
			);
			defaultConfigurationIsVisible = 0;
			defaultConfigurationName = Release;
		};
		C93890721BF4F41C00BA8B04 /* Build configuration list for PBXNativeTarget "bitter" */ = {
			isa = XCConfigurationList;
			buildConfigurations = (
				C93890731BF4F41C00BA8B04 /* Debug */,
				C93890741BF4F41C00BA8B04 /* Release */,
			);
			defaultConfigurationIsVisible = 0;
			defaultConfigurationName = Release;
		};
/* End XCConfigurationList section */
	};
	rootObject = C93890581BF4F41C00BA8B04 /* Project object */;
}
